
Microsoft Visual Studio Solution File, Format Version 12.00
# Visual Studio Version 16
VisualStudioVersion = 16.0.29920.165
MinimumVisualStudioVersion = 10.0.40219.1
Project("{FAE04EC0-301F-11D3-BF4B-00C04F79EFBC}") = "Cap07 Enum", "Cap07 Enum\Cap07 Enum.csproj", "{B9AC44B9-B164-4D9F-90F3-027D93EB159D}"
EndProject
Global
	GlobalSection(SolutionConfigurationPlatforms) = preSolution
		Debug|Any CPU = Debug|Any CPU
		Release|Any CPU = Release|Any CPU
	EndGlobalSection
	GlobalSection(ProjectConfigurationPlatforms) = postSolution
		{B9AC44B9-B164-4D9F-90F3-027D93EB159D}.Debug|Any CPU.ActiveCfg = Debug|Any CPU
		{B9AC44B9-B164-4D9F-90F3-027D93EB159D}.Debug|Any CPU.Build.0 = Debug|Any CPU
		{B9AC44B9-B164-4D9F-90F3-027D93EB159D}.Release|Any CPU.ActiveCfg = Release|Any CPU
		{B9AC44B9-B164-4D9F-90F3-027D93EB159D}.Release|Any CPU.Build.0 = Release|Any CPU
	EndGlobalSection
	GlobalSection(SolutionProperties) = preSolution
		HideSolutionNode = FALSE
	EndGlobalSection
	GlobalSection(ExtensibilityGlobals) = postSolution
		SolutionGuid = {E255F59B-16C1-490E-ACC3-EAAC73307F7E}
	EndGlobalSection
EndGlobal
